
Microsoft Visual Studio Solution File, Format Version 12.00
# Visual Studio Version 17
VisualStudioVersion = 17.14.36301.6 d17.14
MinimumVisualStudioVersion = 10.0.40219.1
Project("{FAE04EC0-301F-11D3-BF4B-00C04F79EFBC}") = "WepWarehouse", "WepWarehouse\WepWarehouse.csproj", "{D27F0D64-C10E-4EB4-942A-76A114C5A62A}"
EndProject
Global
	GlobalSection(SolutionConfigurationPlatforms) = preSolution
		Debug|Any CPU = Debug|Any CPU
		Release|Any CPU = Release|Any CPU
	EndGlobalSection
	GlobalSection(ProjectConfigurationPlatforms) = postSolution
		{D27F0D64-C10E-4EB4-942A-76A114C5A62A}.Debug|Any CPU.ActiveCfg = Debug|Any CPU
		{D27F0D64-C10E-4EB4-942A-76A114C5A62A}.Debug|Any CPU.Build.0 = Debug|Any CPU
		{D27F0D64-C10E-4EB4-942A-76A114C5A62A}.Release|Any CPU.ActiveCfg = Release|Any CPU
		{D27F0D64-C10E-4EB4-942A-76A114C5A62A}.Release|Any CPU.Build.0 = Release|Any CPU
	EndGlobalSection
	GlobalSection(SolutionProperties) = preSolution
		HideSolutionNode = FALSE
	EndGlobalSection
	GlobalSection(ExtensibilityGlobals) = postSolution
		SolutionGuid = {A93B2B46-2FF3-4414-98E2-84B2CC9D5D51}
	EndGlobalSection
EndGlobal
